
Microsoft Visual Studio Solution File, Format Version 12.00
# Visual Studio Version 17
VisualStudioVersion = 17.3.32929.385
MinimumVisualStudioVersion = 10.0.40219.1
Project("{FAE04EC0-301F-11D3-BF4B-00C04F79EFBC}") = "Dclinic  system", "Dclinic  system.csproj", "{2E96E56F-D0DB-4922-88C7-DD5D4B1FCC74}"
EndProject
Global
	GlobalSection(SolutionConfigurationPlatforms) = preSolution
		Debug|Any CPU = Debug|Any CPU
		Release|Any CPU = Release|Any CPU
	EndGlobalSection
	GlobalSection(ProjectConfigurationPlatforms) = postSolution
		{2E96E56F-D0DB-4922-88C7-DD5D4B1FCC74}.Debug|Any CPU.ActiveCfg = Debug|Any CPU
		{2E96E56F-D0DB-4922-88C7-DD5D4B1FCC74}.Debug|Any CPU.Build.0 = Debug|Any CPU
		{2E96E56F-D0DB-4922-88C7-DD5D4B1FCC74}.Release|Any CPU.ActiveCfg = Release|Any CPU
		{2E96E56F-D0DB-4922-88C7-DD5D4B1FCC74}.Release|Any CPU.Build.0 = Release|Any CPU
	EndGlobalSection
	GlobalSection(SolutionProperties) = preSolution
		HideSolutionNode = FALSE
	EndGlobalSection
	GlobalSection(ExtensibilityGlobals) = postSolution
		SolutionGuid = {5DC3CFF8-3E5E-4863-9630-A2D2B3371394}
	EndGlobalSection
EndGlobal
